// !$*UTF8*$!
{
	archiveVersion = 1;
	classes = {
	};
	objectVersion = 46;
	objects = {

/* Begin PBXBuildFile section */
		F220ADF11EF5FF660036630A /* main.m in Sources */ = {isa = PBXBuildFile; fileRef = F220ADF01EF5FF660036630A /* main.m */; };
		F220ADF41EF5FF660036630A /* AppDelegate.m in Sources */ = {isa = PBXBuildFile; fileRef = F220ADF31EF5FF660036630A /* AppDelegate.m */; };
		F220ADF71EF5FF660036630A /* ViewController.m in Sources */ = {isa = PBXBuildFile; fileRef = F220ADF61EF5FF660036630A /* ViewController.m */; };
		F220ADFA1EF5FF660036630A /* Main.storyboard in Resources */ = {isa = PBXBuildFile; fileRef = F220ADF81EF5FF660036630A /* Main.storyboard */; };
		F220ADFC1EF5FF660036630A /* Assets.xcassets in Resources */ = {isa = PBXBuildFile; fileRef = F220ADFB1EF5FF660036630A /* Assets.xcassets */; };
		F220ADFF1EF5FF660036630A /* LaunchScreen.storyboard in Resources */ = {isa = PBXBuildFile; fileRef = F220ADFD1EF5FF660036630A /* LaunchScreen.storyboard */; };
		F220AE0A1EF5FF660036630A /* CalendarTests.m in Sources */ = {isa = PBXBuildFile; fileRef = F220AE091EF5FF660036630A /* CalendarTests.m */; };
		F220AE151EF5FF660036630A /* CalendarUITests.m in Sources */ = {isa = PBXBuildFile; fileRef = F220AE141EF5FF660036630A /* CalendarUITests.m */; };
		F25FCCFC1F05939C00686851 /* aaaa.m in Sources */ = {isa = PBXBuildFile; fileRef = F25FCCFB1F05939C00686851 /* aaaa.m */; };
		F25FCCFE1F0593A900686851 /* aaaa.xib in Resources */ = {isa = PBXBuildFile; fileRef = F25FCCFD1F0593A900686851 /* aaaa.xib */; };
		F25FCD001F05947500686851 /* 175029kr7iisrsl171r1bs.png in Resources */ = {isa = PBXBuildFile; fileRef = F25FCCFF1F05947500686851 /* 175029kr7iisrsl171r1bs.png */; };
		F25FCD031F05962900686851 /* test.m in Sources */ = {isa = PBXBuildFile; fileRef = F25FCD021F05962900686851 /* test.m */; };
		F25FCD061F05986300686851 /* TMMuiLazyScrollView.m in Sources */ = {isa = PBXBuildFile; fileRef = F25FCD051F05986300686851 /* TMMuiLazyScrollView.m */; };
		F2FCAF061EF69E9500FE417F /* DZCalendar_Date.m in Sources */ = {isa = PBXBuildFile; fileRef = F2FCAF051EF69E9500FE417F /* DZCalendar_Date.m */; };
		F2FCAF081EF69EA400FE417F /* DZCalendar_Date.xib in Resources */ = {isa = PBXBuildFile; fileRef = F2FCAF071EF69EA400FE417F /* DZCalendar_Date.xib */; };
/* End PBXBuildFile section */

/* Begin PBXContainerItemProxy section */
		F220AE061EF5FF660036630A /* PBXContainerItemProxy */ = {
			isa = PBXContainerItemProxy;
			containerPortal = F220ADE41EF5FF660036630A /* Project object */;
			proxyType = 1;
			remoteGlobalIDString = F220ADEB1EF5FF660036630A;
			remoteInfo = Calendar;
		};
		F220AE111EF5FF660036630A /* PBXContainerItemProxy */ = {
			isa = PBXContainerItemProxy;
			containerPortal = F220ADE41EF5FF660036630A /* Project object */;
			proxyType = 1;
			remoteGlobalIDString = F220ADEB1EF5FF660036630A;
			remoteInfo = Calendar;
		};
/* End PBXContainerItemProxy section */

/* Begin PBXFileReference section */
		F220ADEC1EF5FF660036630A /* Calendar.app */ = {isa = PBXFileReference; explicitFileType = wrapper.application; includeInIndex = 0; path = Calendar.app; sourceTree = BUILT_PRODUCTS_DIR; };
		F220ADF01EF5FF660036630A /* main.m */ = {isa = PBXFileReference; lastKnownFileType = sourcecode.c.objc; path = main.m; sourceTree = "<group>"; };
		F220ADF21EF5FF660036630A /* AppDelegate.h */ = {isa = PBXFileReference; lastKnownFileType = sourcecode.c.h; path = AppDelegate.h; sourceTree = "<group>"; };
		F220ADF31EF5FF660036630A /* AppDelegate.m */ = {isa = PBXFileReference; lastKnownFileType = sourcecode.c.objc; path = AppDelegate.m; sourceTree = "<group>"; };
		F220ADF51EF5FF660036630A /* ViewController.h */ = {isa = PBXFileReference; lastKnownFileType = sourcecode.c.h; path = ViewController.h; sourceTree = "<group>"; };
		F220ADF61EF5FF660036630A /* ViewController.m */ = {isa = PBXFileReference; lastKnownFileType = sourcecode.c.objc; path = ViewController.m; sourceTree = "<group>"; };
		F220ADF91EF5FF660036630A /* Base */ = {isa = PBXFileReference; lastKnownFileType = file.storyboard; name = Base; path = Base.lproj/Main.storyboard; sourceTree = "<group>"; };
		F220ADFB1EF5FF660036630A /* Assets.xcassets */ = {isa = PBXFileReference; lastKnownFileType = folder.assetcatalog; path = Assets.xcassets; sourceTree = "<group>"; };
		F220ADFE1EF5FF660036630A /* Base */ = {isa = PBXFileReference; lastKnownFileType = file.storyboard; name = Base; path = Base.lproj/LaunchScreen.storyboard; sourceTree = "<group>"; };
		F220AE001EF5FF660036630A /* Info.plist */ = {isa = PBXFileReference; lastKnownFileType = text.plist.xml; path = Info.plist; sourceTree = "<group>"; };
		F220AE051EF5FF660036630A /* CalendarTests.xctest */ = {isa = PBXFileReference; explicitFileType = wrapper.cfbundle; includeInIndex = 0; path = CalendarTests.xctest; sourceTree = BUILT_PRODUCTS_DIR; };
		F220AE091EF5FF660036630A /* CalendarTests.m */ = {isa = PBXFileReference; lastKnownFileType = sourcecode.c.objc; path = CalendarTests.m; sourceTree = "<group>"; };
		F220AE0B1EF5FF660036630A /* Info.plist */ = {isa = PBXFileReference; lastKnownFileType = text.plist.xml; path = Info.plist; sourceTree = "<group>"; };
		F220AE101EF5FF660036630A /* CalendarUITests.xctest */ = {isa = PBXFileReference; explicitFileType = wrapper.cfbundle; includeInIndex = 0; path = CalendarUITests.xctest; sourceTree = BUILT_PRODUCTS_DIR; };
		F220AE141EF5FF660036630A /* CalendarUITests.m */ = {isa = PBXFileReference; lastKnownFileType = sourcecode.c.objc; path = CalendarUITests.m; sourceTree = "<group>"; };
		F220AE161EF5FF660036630A /* Info.plist */ = {isa = PBXFileReference; lastKnownFileType = text.plist.xml; path = Info.plist; sourceTree = "<group>"; };
		F25FCCFA1F05939C00686851 /* aaaa.h */ = {isa = PBXFileReference; fileEncoding = 4; lastKnownFileType = sourcecode.c.h; path = aaaa.h; sourceTree = "<group>"; };
		F25FCCFB1F05939C00686851 /* aaaa.m */ = {isa = PBXFileReference; fileEncoding = 4; lastKnownFileType = sourcecode.c.objc; path = aaaa.m; sourceTree = "<group>"; };
		F25FCCFD1F0593A900686851 /* aaaa.xib */ = {isa = PBXFileReference; fileEncoding = 4; lastKnownFileType = file.xib; path = aaaa.xib; sourceTree = "<group>"; };
		F25FCCFF1F05947500686851 /* 175029kr7iisrsl171r1bs.png */ = {isa = PBXFileReference; lastKnownFileType = image.png; path = 175029kr7iisrsl171r1bs.png; sourceTree = "<group>"; };
		F25FCD011F05962900686851 /* test.h */ = {isa = PBXFileReference; fileEncoding = 4; lastKnownFileType = sourcecode.c.h; path = test.h; sourceTree = "<group>"; };
		F25FCD021F05962900686851 /* test.m */ = {isa = PBXFileReference; fileEncoding = 4; lastKnownFileType = sourcecode.c.objc; path = test.m; sourceTree = "<group>"; };
		F25FCD041F05986300686851 /* TMMuiLazyScrollView.h */ = {isa = PBXFileReference; fileEncoding = 4; lastKnownFileType = sourcecode.c.h; path = TMMuiLazyScrollView.h; sourceTree = "<group>"; };
		F25FCD051F05986300686851 /* TMMuiLazyScrollView.m */ = {isa = PBXFileReference; fileEncoding = 4; lastKnownFileType = sourcecode.c.objc; path = TMMuiLazyScrollView.m; sourceTree = "<group>"; };
		F2FCAF041EF69E9500FE417F /* DZCalendar_Date.h */ = {isa = PBXFileReference; fileEncoding = 4; lastKnownFileType = sourcecode.c.h; name = DZCalendar_Date.h; path = "日期选择/DZCalendar_Date.h"; sourceTree = "<group>"; };
		F2FCAF051EF69E9500FE417F /* DZCalendar_Date.m */ = {isa = PBXFileReference; fileEncoding = 4; lastKnownFileType = sourcecode.c.objc; name = DZCalendar_Date.m; path = "日期选择/DZCalendar_Date.m"; sourceTree = "<group>"; };
		F2FCAF071EF69EA400FE417F /* DZCalendar_Date.xib */ = {isa = PBXFileReference; fileEncoding = 4; lastKnownFileType = file.xib; name = DZCalendar_Date.xib; path = "日期选择/DZCalendar_Date.xib"; sourceTree = "<group>"; };
/* End PBXFileReference section */

/* Begin PBXFrameworksBuildPhase section */
		F220ADE91EF5FF660036630A /* Frameworks */ = {
			isa = PBXFrameworksBuildPhase;
			buildActionMask = 2147483647;
			files = (
			);
			runOnlyForDeploymentPostprocessing = 0;
		};
		F220AE021EF5FF660036630A /* Frameworks */ = {
			isa = PBXFrameworksBuildPhase;
			buildActionMask = 2147483647;
			files = (
			);
			runOnlyForDeploymentPostprocessing = 0;
		};
		F220AE0D1EF5FF660036630A /* Frameworks */ = {
			isa = PBXFrameworksBuildPhase;
			buildActionMask = 2147483647;
			files = (
			);
			runOnlyForDeploymentPostprocessing = 0;
		};
/* End PBXFrameworksBuildPhase section */

/* Begin PBXGroup section */
		F220ADE31EF5FF660036630A = {
			isa = PBXGroup;
			children = (
				F220ADEE1EF5FF660036630A /* Calendar */,
				F220AE081EF5FF660036630A /* CalendarTests */,
				F220AE131EF5FF660036630A /* CalendarUITests */,
				F220ADED1EF5FF660036630A /* Products */,
			);
			sourceTree = "<group>";
		};
		F220ADED1EF5FF660036630A /* Products */ = {
			isa = PBXGroup;
			children = (
				F220ADEC1EF5FF660036630A /* Calendar.app */,
				F220AE051EF5FF660036630A /* CalendarTests.xctest */,
				F220AE101EF5FF660036630A /* CalendarUITests.xctest */,
			);
			name = Products;
			sourceTree = "<group>";
		};
		F220ADEE1EF5FF660036630A /* Calendar */ = {
			isa = PBXGroup;
			children = (
				F25FCCFF1F05947500686851 /* 175029kr7iisrsl171r1bs.png */,
				F2FCAF031EF69E4500FE417F /* 日期选择 */,
				F220ADF21EF5FF660036630A /* AppDelegate.h */,
				F220ADF31EF5FF660036630A /* AppDelegate.m */,
				F220ADF51EF5FF660036630A /* ViewController.h */,
				F220ADF61EF5FF660036630A /* ViewController.m */,
				F220ADF81EF5FF660036630A /* Main.storyboard */,
				F220ADFB1EF5FF660036630A /* Assets.xcassets */,
				F220ADFD1EF5FF660036630A /* LaunchScreen.storyboard */,
				F220AE001EF5FF660036630A /* Info.plist */,
				F220ADEF1EF5FF660036630A /* Supporting Files */,
				F25FCCFA1F05939C00686851 /* aaaa.h */,
				F25FCCFB1F05939C00686851 /* aaaa.m */,
				F25FCCFD1F0593A900686851 /* aaaa.xib */,
				F25FCD011F05962900686851 /* test.h */,
				F25FCD021F05962900686851 /* test.m */,
				F25FCD041F05986300686851 /* TMMuiLazyScrollView.h */,
				F25FCD051F05986300686851 /* TMMuiLazyScrollView.m */,
			);
			path = Calendar;
			sourceTree = "<group>";
		};
		F220ADEF1EF5FF660036630A /* Supporting Files */ = {
			isa = PBXGroup;
			children = (
				F220ADF01EF5FF660036630A /* main.m */,
			);
			name = "Supporting Files";
			sourceTree = "<group>";
		};
		F220AE081EF5FF660036630A /* CalendarTests */ = {
			isa = PBXGroup;
			children = (
				F220AE091EF5FF660036630A /* CalendarTests.m */,
				F220AE0B1EF5FF660036630A /* Info.plist */,
			);
			path = CalendarTests;
			sourceTree = "<group>";
		};
		F220AE131EF5FF660036630A /* CalendarUITests */ = {
			isa = PBXGroup;
			children = (
				F220AE141EF5FF660036630A /* CalendarUITests.m */,
				F220AE161EF5FF660036630A /* Info.plist */,
			);
			path = CalendarUITests;
			sourceTree = "<group>";
		};
		F2FCAF031EF69E4500FE417F /* 日期选择 */ = {
			isa = PBXGroup;
			children = (
				F2FCAF041EF69E9500FE417F /* DZCalendar_Date.h */,
				F2FCAF051EF69E9500FE417F /* DZCalendar_Date.m */,
				F2FCAF071EF69EA400FE417F /* DZCalendar_Date.xib */,
			);
			name = "日期选择";
			sourceTree = "<group>";
		};
/* End PBXGroup section */

/* Begin PBXNativeTarget section */
		F220ADEB1EF5FF660036630A /* Calendar */ = {
			isa = PBXNativeTarget;
			buildConfigurationList = F220AE191EF5FF660036630A /* Build configuration list for PBXNativeTarget "Calendar" */;
			buildPhases = (
				F220ADE81EF5FF660036630A /* Sources */,
				F220ADE91EF5FF660036630A /* Frameworks */,
				F220ADEA1EF5FF660036630A /* Resources */,
			);
			buildRules = (
			);
			dependencies = (
			);
			name = Calendar;
			productName = Calendar;
			productReference = F220ADEC1EF5FF660036630A /* Calendar.app */;
			productType = "com.apple.product-type.application";
		};
		F220AE041EF5FF660036630A /* CalendarTests */ = {
			isa = PBXNativeTarget;
			buildConfigurationList = F220AE1C1EF5FF660036630A /* Build configuration list for PBXNativeTarget "CalendarTests" */;
			buildPhases = (
				F220AE011EF5FF660036630A /* Sources */,
				F220AE021EF5FF660036630A /* Frameworks */,
				F220AE031EF5FF660036630A /* Resources */,
			);
			buildRules = (
			);
			dependencies = (
				F220AE071EF5FF660036630A /* PBXTargetDependency */,
			);
			name = CalendarTests;
			productName = CalendarTests;
			productReference = F220AE051EF5FF660036630A /* CalendarTests.xctest */;
			productType = "com.apple.product-type.bundle.unit-test";
		};
		F220AE0F1EF5FF660036630A /* CalendarUITests */ = {
			isa = PBXNativeTarget;
			buildConfigurationList = F220AE1F1EF5FF660036630A /* Build configuration list for PBXNativeTarget "CalendarUITests" */;
			buildPhases = (
				F220AE0C1EF5FF660036630A /* Sources */,
				F220AE0D1EF5FF660036630A /* Frameworks */,
				F220AE0E1EF5FF660036630A /* Resources */,
			);
			buildRules = (
			);
			dependencies = (
				F220AE121EF5FF660036630A /* PBXTargetDependency */,
			);
			name = CalendarUITests;
			productName = CalendarUITests;
			productReference = F220AE101EF5FF660036630A /* CalendarUITests.xctest */;
			productType = "com.apple.product-type.bundle.ui-testing";
		};
/* End PBXNativeTarget section */

/* Begin PBXProject section */
		F220ADE41EF5FF660036630A /* Project object */ = {
			isa = PBXProject;
			attributes = {
				LastUpgradeCheck = 0810;
				ORGANIZATIONNAME = "陈东芝";
				TargetAttributes = {
					F220ADEB1EF5FF660036630A = {
						CreatedOnToolsVersion = 8.1;
						DevelopmentTeam = XH5F445MC5;
						ProvisioningStyle = Automatic;
					};
					F220AE041EF5FF660036630A = {
						CreatedOnToolsVersion = 8.1;
						DevelopmentTeam = 3G8327GJ7X;
						ProvisioningStyle = Automatic;
						TestTargetID = F220ADEB1EF5FF660036630A;
					};
					F220AE0F1EF5FF660036630A = {
						CreatedOnToolsVersion = 8.1;
						DevelopmentTeam = 3G8327GJ7X;
						ProvisioningStyle = Automatic;
						TestTargetID = F220ADEB1EF5FF660036630A;
					};
				};
			};
			buildConfigurationList = F220ADE71EF5FF660036630A /* Build configuration list for PBXProject "Calendar" */;
			compatibilityVersion = "Xcode 3.2";
			developmentRegion = English;
			hasScannedForEncodings = 0;
			knownRegions = (
				en,
				Base,
			);
			mainGroup = F220ADE31EF5FF660036630A;
			productRefGroup = F220ADED1EF5FF660036630A /* Products */;
			projectDirPath = "";
			projectRoot = "";
			targets = (
				F220ADEB1EF5FF660036630A /* Calendar */,
				F220AE041EF5FF660036630A /* CalendarTests */,
				F220AE0F1EF5FF660036630A /* CalendarUITests */,
			);
		};
/* End PBXProject section */

/* Begin PBXResourcesBuildPhase section */
		F220ADEA1EF5FF660036630A /* Resources */ = {
			isa = PBXResourcesBuildPhase;
			buildActionMask = 2147483647;
			files = (
				F25FCCFE1F0593A900686851 /* aaaa.xib in Resources */,
				F220ADFF1EF5FF660036630A /* LaunchScreen.storyboard in Resources */,
				F25FCD001F05947500686851 /* 175029kr7iisrsl171r1bs.png in Resources */,
				F2FCAF081EF69EA400FE417F /* DZCalendar_Date.xib in Resources */,
				F220ADFC1EF5FF660036630A /* Assets.xcassets in Resources */,
				F220ADFA1EF5FF660036630A /* Main.storyboard in Resources */,
			);
			runOnlyForDeploymentPostprocessing = 0;
		};
		F220AE031EF5FF660036630A /* Resources */ = {
			isa = PBXResourcesBuildPhase;
			buildActionMask = 2147483647;
			files = (
			);
			runOnlyForDeploymentPostprocessing = 0;
		};
		F220AE0E1EF5FF660036630A /* Resources */ = {
			isa = PBXResourcesBuildPhase;
			buildActionMask = 2147483647;
			files = (
			);
			runOnlyForDeploymentPostprocessing = 0;
		};
/* End PBXResourcesBuildPhase section */

/* Begin PBXSourcesBuildPhase section */
		F220ADE81EF5FF660036630A /* Sources */ = {
			isa = PBXSourcesBuildPhase;
			buildActionMask = 2147483647;
			files = (
				F25FCCFC1F05939C00686851 /* aaaa.m in Sources */,
				F220ADF71EF5FF660036630A /* ViewController.m in Sources */,
				F2FCAF061EF69E9500FE417F /* DZCalendar_Date.m in Sources */,
				F220ADF41EF5FF660036630A /* AppDelegate.m in Sources */,
				F25FCD061F05986300686851 /* TMMuiLazyScrollView.m in Sources */,
				F220ADF11EF5FF660036630A /* main.m in Sources */,
				F25FCD031F05962900686851 /* test.m in Sources */,
			);
			runOnlyForDeploymentPostprocessing = 0;
		};
		F220AE011EF5FF660036630A /* Sources */ = {
			isa = PBXSourcesBuildPhase;
			buildActionMask = 2147483647;
			files = (
				F220AE0A1EF5FF660036630A /* CalendarTests.m in Sources */,
			);
			runOnlyForDeploymentPostprocessing = 0;
		};
		F220AE0C1EF5FF660036630A /* Sources */ = {
			isa = PBXSourcesBuildPhase;
			buildActionMask = 2147483647;
			files = (
				F220AE151EF5FF660036630A /* CalendarUITests.m in Sources */,
			);
			runOnlyForDeploymentPostprocessing = 0;
		};
/* End PBXSourcesBuildPhase section */

/* Begin PBXTargetDependency section */
		F220AE071EF5FF660036630A /* PBXTargetDependency */ = {
			isa = PBXTargetDependency;
			target = F220ADEB1EF5FF660036630A /* Calendar */;
			targetProxy = F220AE061EF5FF660036630A /* PBXContainerItemProxy */;
		};
		F220AE121EF5FF660036630A /* PBXTargetDependency */ = {
			isa = PBXTargetDependency;
			target = F220ADEB1EF5FF660036630A /* Calendar */;
			targetProxy = F220AE111EF5FF660036630A /* PBXContainerItemProxy */;
		};
/* End PBXTargetDependency section */

/* Begin PBXVariantGroup section */
		F220ADF81EF5FF660036630A /* Main.storyboard */ = {
			isa = PBXVariantGroup;
			children = (
				F220ADF91EF5FF660036630A /* Base */,
			);
			name = Main.storyboard;
			sourceTree = "<group>";
		};
		F220ADFD1EF5FF660036630A /* LaunchScreen.storyboard */ = {
			isa = PBXVariantGroup;
			children = (
				F220ADFE1EF5FF660036630A /* Base */,
			);
			name = LaunchScreen.storyboard;
			sourceTree = "<group>";
		};
/* End PBXVariantGroup section */

/* Begin XCBuildConfiguration section */
		F220AE171EF5FF660036630A /* Debug */ = {
			isa = XCBuildConfiguration;
			buildSettings = {
				ALWAYS_SEARCH_USER_PATHS = NO;
				CLANG_ANALYZER_NONNULL = YES;
				CLANG_CXX_LANGUAGE_STANDARD = "gnu++0x";
				CLANG_CXX_LIBRARY = "libc++";
				CLANG_ENABLE_MODULES = YES;
				CLANG_ENABLE_OBJC_ARC = YES;
				CLANG_WARN_BOOL_CONVERSION = YES;
				CLANG_WARN_CONSTANT_CONVERSION = YES;
				CLANG_WARN_DIRECT_OBJC_ISA_USAGE = YES_ERROR;
				CLANG_WARN_DOCUMENTATION_COMMENTS = YES;
				CLANG_WARN_EMPTY_BODY = YES;
				CLANG_WARN_ENUM_CONVERSION = YES;
				CLANG_WARN_INFINITE_RECURSION = YES;
				CLANG_WARN_INT_CONVERSION = YES;
				CLANG_WARN_OBJC_ROOT_CLASS = YES_ERROR;
				CLANG_WARN_SUSPICIOUS_MOVES = YES;
				CLANG_WARN_UNREACHABLE_CODE = YES;
				CLANG_WARN__DUPLICATE_METHOD_MATCH = YES;
				"CODE_SIGN_IDENTITY[sdk=iphoneos*]" = "iPhone Developer";
				COPY_PHASE_STRIP = NO;
				DEBUG_INFORMATION_FORMAT = dwarf;
				ENABLE_STRICT_OBJC_MSGSEND = YES;
				ENABLE_TESTABILITY = YES;
				GCC_C_LANGUAGE_STANDARD = gnu99;
				GCC_DYNAMIC_NO_PIC = NO;
				GCC_NO_COMMON_BLOCKS = YES;
				GCC_OPTIMIZATION_LEVEL = 0;
				GCC_PREPROCESSOR_DEFINITIONS = (
					"DEBUG=1",
					"$(inherited)",
				);
				GCC_WARN_64_TO_32_BIT_CONVERSION = YES;
				GCC_WARN_ABOUT_RETURN_TYPE = YES_ERROR;
				GCC_WARN_UNDECLARED_SELECTOR = YES;
				GCC_WARN_UNINITIALIZED_AUTOS = YES_AGGRESSIVE;
				GCC_WARN_UNUSED_FUNCTION = YES;
				GCC_WARN_UNUSED_VARIABLE = YES;
				IPHONEOS_DEPLOYMENT_TARGET = 10.1;
				MTL_ENABLE_DEBUG_INFO = YES;
				ONLY_ACTIVE_ARCH = YES;
				SDKROOT = iphoneos;
				TARGETED_DEVICE_FAMILY = "1,2";
			};
			name = Debug;
		};
		F220AE181EF5FF660036630A /* Release */ = {
			isa = XCBuildConfiguration;
			buildSettings = {
				ALWAYS_SEARCH_USER_PATHS = NO;
				CLANG_ANALYZER_NONNULL = YES;
				CLANG_CXX_LANGUAGE_STANDARD = "gnu++0x";
				CLANG_CXX_LIBRARY = "libc++";
				CLANG_ENABLE_MODULES = YES;
				CLANG_ENABLE_OBJC_ARC = YES;
				CLANG_WARN_BOOL_CONVERSION = YES;
				CLANG_WARN_CONSTANT_CONVERSION = YES;
				CLANG_WARN_DIRECT_OBJC_ISA_USAGE = YES_ERROR;
				CLANG_WARN_DOCUMENTATION_COMMENTS = YES;
				CLANG_WARN_EMPTY_BODY = YES;
				CLANG_WARN_ENUM_CONVERSION = YES;
				CLANG_WARN_INFINITE_RECURSION = YES;
				CLANG_WARN_INT_CONVERSION = YES;
				CLANG_WARN_OBJC_ROOT_CLASS = YES_ERROR;
				CLANG_WARN_SUSPICIOUS_MOVES = YES;
				CLANG_WARN_UNREACHABLE_CODE = YES;
				CLANG_WARN__DUPLICATE_METHOD_MATCH = YES;
				"CODE_SIGN_IDENTITY[sdk=iphoneos*]" = "iPhone Developer";
				COPY_PHASE_STRIP = NO;
				DEBUG_INFORMATION_FORMAT = "dwarf-with-dsym";
				ENABLE_NS_ASSERTIONS = NO;
				ENABLE_STRICT_OBJC_MSGSEND = YES;
				GCC_C_LANGUAGE_STANDARD = gnu99;
				GCC_NO_COMMON_BLOCKS = YES;
				GCC_WARN_64_TO_32_BIT_CONVERSION = YES;
				GCC_WARN_ABOUT_RETURN_TYPE = YES_ERROR;
				GCC_WARN_UNDECLARED_SELECTOR = YES;
				GCC_WARN_UNINITIALIZED_AUTOS = YES_AGGRESSIVE;
				GCC_WARN_UNUSED_FUNCTION = YES;
				GCC_WARN_UNUSED_VARIABLE = YES;
				IPHONEOS_DEPLOYMENT_TARGET = 10.1;
				MTL_ENABLE_DEBUG_INFO = NO;
				SDKROOT = iphoneos;
				TARGETED_DEVICE_FAMILY = "1,2";
				VALIDATE_PRODUCT = YES;
			};
			name = Release;
		};
		F220AE1A1EF5FF660036630A /* Debug */ = {
			isa = XCBuildConfiguration;
			buildSettings = {
				ASSETCATALOG_COMPILER_APPICON_NAME = AppIcon;
				DEVELOPMENT_TEAM = XH5F445MC5;
				INFOPLIST_FILE = Calendar/Info.plist;
				LD_RUNPATH_SEARCH_PATHS = "$(inherited) @executable_path/Frameworks";
				PRODUCT_BUNDLE_IDENTIFIER = ChenDongZhi.Calendar;
				PRODUCT_NAME = "$(TARGET_NAME)";
			};
			name = Debug;
		};
		F220AE1B1EF5FF660036630A /* Release */ = {
			isa = XCBuildConfiguration;
			buildSettings = {
				ASSETCATALOG_COMPILER_APPICON_NAME = AppIcon;
				DEVELOPMENT_TEAM = XH5F445MC5;
				INFOPLIST_FILE = Calendar/Info.plist;
				LD_RUNPATH_SEARCH_PATHS = "$(inherited) @executable_path/Frameworks";
				PRODUCT_BUNDLE_IDENTIFIER = ChenDongZhi.Calendar;
				PRODUCT_NAME = "$(TARGET_NAME)";
			};
			name = Release;
		};
		F220AE1D1EF5FF660036630A /* Debug */ = {
			isa = XCBuildConfiguration;
			buildSettings = {
				BUNDLE_LOADER = "$(TEST_HOST)";
				DEVELOPMENT_TEAM = 3G8327GJ7X;
				INFOPLIST_FILE = CalendarTests/Info.plist;
				LD_RUNPATH_SEARCH_PATHS = "$(inherited) @executable_path/Frameworks @loader_path/Frameworks";
				PRODUCT_BUNDLE_IDENTIFIER = ChenDongZhi.CalendarTests;
				PRODUCT_NAME = "$(TARGET_NAME)";
				TEST_HOST = "$(BUILT_PRODUCTS_DIR)/Calendar.app/Calendar";
			};
			name = Debug;
		};
		F220AE1E1EF5FF660036630A /* Release */ = {
			isa = XCBuildConfiguration;
			buildSettings = {
				BUNDLE_LOADER = "$(TEST_HOST)";
				DEVELOPMENT_TEAM = 3G8327GJ7X;
				INFOPLIST_FILE = CalendarTests/Info.plist;
				LD_RUNPATH_SEARCH_PATHS = "$(inherited) @executable_path/Frameworks @loader_path/Frameworks";
				PRODUCT_BUNDLE_IDENTIFIER = ChenDongZhi.CalendarTests;
				PRODUCT_NAME = "$(TARGET_NAME)";
				TEST_HOST = "$(BUILT_PRODUCTS_DIR)/Calendar.app/Calendar";
			};
			name = Release;
		};
		F220AE201EF5FF660036630A /* Debug */ = {
			isa = XCBuildConfiguration;
			buildSettings = {
				DEVELOPMENT_TEAM = 3G8327GJ7X;
				INFOPLIST_FILE = CalendarUITests/Info.plist;
				LD_RUNPATH_SEARCH_PATHS = "$(inherited) @executable_path/Frameworks @loader_path/Frameworks";
				PRODUCT_BUNDLE_IDENTIFIER = ChenDongZhi.CalendarUITests;
				PRODUCT_NAME = "$(TARGET_NAME)";
				TEST_TARGET_NAME = Calendar;
			};
			name = Debug;
		};
		F220AE211EF5FF660036630A /* Release */ = {
			isa = XCBuildConfiguration;
			buildSettings = {
				DEVELOPMENT_TEAM = 3G8327GJ7X;
				INFOPLIST_FILE = CalendarUITests/Info.plist;
				LD_RUNPATH_SEARCH_PATHS = "$(inherited) @executable_path/Frameworks @loader_path/Frameworks";
				PRODUCT_BUNDLE_IDENTIFIER = ChenDongZhi.CalendarUITests;
				PRODUCT_NAME = "$(TARGET_NAME)";
				TEST_TARGET_NAME = Calendar;
			};
			name = Release;
		};
/* End XCBuildConfiguration section */

/* Begin XCConfigurationList section */
		F220ADE71EF5FF660036630A /* Build configuration list for PBXProject "Calendar" */ = {
			isa = XCConfigurationList;
			buildConfigurations = (
				F220AE171EF5FF660036630A /* Debug */,
				F220AE181EF5FF660036630A /* Release */,
			);
			defaultConfigurationIsVisible = 0;
			defaultConfigurationName = Release;
		};
		F220AE191EF5FF660036630A /* Build configuration list for PBXNativeTarget "Calendar" */ = {
			isa = XCConfigurationList;
			buildConfigurations = (
				F220AE1A1EF5FF660036630A /* Debug */,
				F220AE1B1EF5FF660036630A /* Release */,
			);
			defaultConfigurationIsVisible = 0;
			defaultConfigurationName = Release;
		};
		F220AE1C1EF5FF660036630A /* Build configuration list for PBXNativeTarget "CalendarTests" */ = {
			isa = XCConfigurationList;
			buildConfigurations = (
				F220AE1D1EF5FF660036630A /* Debug */,
				F220AE1E1EF5FF660036630A /* Release */,
			);
			defaultConfigurationIsVisible = 0;
			defaultConfigurationName = Release;
		};
		F220AE1F1EF5FF660036630A /* Build configuration list for PBXNativeTarget "CalendarUITests" */ = {
			isa = XCConfigurationList;
			buildConfigurations = (
				F220AE201EF5FF660036630A /* Debug */,
				F220AE211EF5FF660036630A /* Release */,
			);
			defaultConfigurationIsVisible = 0;
			defaultConfigurationName = Release;
		};
/* End XCConfigurationList section */
	};
	rootObject = F220ADE41EF5FF660036630A /* Project object */;
}
